{
  "originHash" : "b8ba6d4b8dfd5bd4e56e1ac32b38305f1ad88bf1d9d589d217f06d8e4624f35a",
  "pins" : [
    {
      "identity" : "keyboardshortcuts",
      "kind" : "remoteSourceControl",
      "location" : "https://github.com/sindresorhus/KeyboardShortcuts",
      "state" : {
        "revision" : "323d9f882ea060e28183ad67d9a9053317751071",
        "version" : "2.2.3"
      }
    },
    {
      "identity" : "richtextkit",
      "kind" : "remoteSourceControl",
      "location" : "https://github.com/danielsaidi/RichTextKit.git",
      "state" : {
        "revision" : "c1f94420b6f3cd5aa2aa20e916fe4f44540c9ec8",
        "version" : "1.1.1"
      }
    }
  ],
  "version" : 3
}
